
Microsoft Visual Studio Solution File, Format Version 12.00
# Visual Studio Version 16
VisualStudioVersion = 16.0.29215.179
MinimumVisualStudioVersion = 10.0.40219.1
Project("{FAE04EC0-301F-11D3-BF4B-00C04F79EFBC}") = "Spreadsheet_D._Cheatham", "Spreadsheet_D._Cheatham\Spreadsheet_D._Cheatham.csproj", "{F2CF022D-16E5-4D47-8FA4-9B563FD1985C}"
	ProjectSection(ProjectDependencies) = postProject
		{4BE13B9F-C2E1-4306-B26A-BE4B4477D7CC} = {4BE13B9F-C2E1-4306-B26A-BE4B4477D7CC}
	EndProjectSection
EndProject
Project("{9A19103F-16F7-4668-BE54-9A1E7A4F7556}") = "SpreadsheetEngine", "SpreadsheetEngine\SpreadsheetEngine.csproj", "{4BE13B9F-C2E1-4306-B26A-BE4B4477D7CC}"
EndProject
Project("{9A19103F-16F7-4668-BE54-9A1E7A4F7556}") = "SpreadsheetEngineTester", "SpreadsheetEngineTester\SpreadsheetEngineTester.csproj", "{BF80D9AE-168D-401A-A55E-AE21D7D7FBAE}"
EndProject
Project("{FAE04EC0-301F-11D3-BF4B-00C04F79EFBC}") = "ExpressionTreeConsoleApp", "ExpressionTreeConsoleApp\ExpressionTreeConsoleApp.csproj", "{2B8D406F-FD78-4695-8384-C9878131EACB}"
EndProject
Global
	GlobalSection(SolutionConfigurationPlatforms) = preSolution
		Debug|Any CPU = Debug|Any CPU
		Release|Any CPU = Release|Any CPU
	EndGlobalSection
	GlobalSection(ProjectConfigurationPlatforms) = postSolution
		{F2CF022D-16E5-4D47-8FA4-9B563FD1985C}.Debug|Any CPU.ActiveCfg = Debug|Any CPU
		{F2CF022D-16E5-4D47-8FA4-9B563FD1985C}.Debug|Any CPU.Build.0 = Debug|Any CPU
		{F2CF022D-16E5-4D47-8FA4-9B563FD1985C}.Release|Any CPU.ActiveCfg = Release|Any CPU
		{F2CF022D-16E5-4D47-8FA4-9B563FD1985C}.Release|Any CPU.Build.0 = Release|Any CPU
		{4BE13B9F-C2E1-4306-B26A-BE4B4477D7CC}.Debug|Any CPU.ActiveCfg = Debug|Any CPU
		{4BE13B9F-C2E1-4306-B26A-BE4B4477D7CC}.Debug|Any CPU.Build.0 = Debug|Any CPU
		{4BE13B9F-C2E1-4306-B26A-BE4B4477D7CC}.Release|Any CPU.ActiveCfg = Release|Any CPU
		{4BE13B9F-C2E1-4306-B26A-BE4B4477D7CC}.Release|Any CPU.Build.0 = Release|Any CPU
		{BF80D9AE-168D-401A-A55E-AE21D7D7FBAE}.Debug|Any CPU.ActiveCfg = Debug|Any CPU
		{BF80D9AE-168D-401A-A55E-AE21D7D7FBAE}.Debug|Any CPU.Build.0 = Debug|Any CPU
		{BF80D9AE-168D-401A-A55E-AE21D7D7FBAE}.Release|Any CPU.ActiveCfg = Release|Any CPU
		{BF80D9AE-168D-401A-A55E-AE21D7D7FBAE}.Release|Any CPU.Build.0 = Release|Any CPU
		{2B8D406F-FD78-4695-8384-C9878131EACB}.Debug|Any CPU.ActiveCfg = Debug|Any CPU
		{2B8D406F-FD78-4695-8384-C9878131EACB}.Debug|Any CPU.Build.0 = Debug|Any CPU
		{2B8D406F-FD78-4695-8384-C9878131EACB}.Release|Any CPU.ActiveCfg = Release|Any CPU
		{2B8D406F-FD78-4695-8384-C9878131EACB}.Release|Any CPU.Build.0 = Release|Any CPU
	EndGlobalSection
	GlobalSection(SolutionProperties) = preSolution
		HideSolutionNode = FALSE
	EndGlobalSection
	GlobalSection(ExtensibilityGlobals) = postSolution
		SolutionGuid = {2ED9016F-C25F-4D1F-BA1F-61E86F8B380B}
	EndGlobalSection
EndGlobal
